
Microsoft Visual Studio Solution File, Format Version 12.00
# Visual Studio 15
VisualStudioVersion = 15.0.26730.15
MinimumVisualStudioVersion = 10.0.40219.1
Project("{9A19103F-16F7-4668-BE54-9A1E7A4F7556}") = "AreaCalcuator", "AreaCalcuator\AreaCalcuator.csproj", "{6DF186A3-49B6-4FBE-82A5-241BB4750192}"
EndProject
Project("{FAE04EC0-301F-11D3-BF4B-00C04F79EFBC}") = "AreaCalculator.Tests", "AreaCalculator.Tests\AreaCalculator.Tests.csproj", "{5F241B37-54B9-4712-8B46-45552E4E89BA}"
EndProject
Global
	GlobalSection(SolutionConfigurationPlatforms) = preSolution
		Debug|Any CPU = Debug|Any CPU
		Release|Any CPU = Release|Any CPU
	EndGlobalSection
	GlobalSection(ProjectConfigurationPlatforms) = postSolution
		{6DF186A3-49B6-4FBE-82A5-241BB4750192}.Debug|Any CPU.ActiveCfg = Debug|Any CPU
		{6DF186A3-49B6-4FBE-82A5-241BB4750192}.Debug|Any CPU.Build.0 = Debug|Any CPU
		{6DF186A3-49B6-4FBE-82A5-241BB4750192}.Release|Any CPU.ActiveCfg = Release|Any CPU
		{6DF186A3-49B6-4FBE-82A5-241BB4750192}.Release|Any CPU.Build.0 = Release|Any CPU
		{5F241B37-54B9-4712-8B46-45552E4E89BA}.Debug|Any CPU.ActiveCfg = Debug|Any CPU
		{5F241B37-54B9-4712-8B46-45552E4E89BA}.Debug|Any CPU.Build.0 = Debug|Any CPU
		{5F241B37-54B9-4712-8B46-45552E4E89BA}.Release|Any CPU.ActiveCfg = Release|Any CPU
		{5F241B37-54B9-4712-8B46-45552E4E89BA}.Release|Any CPU.Build.0 = Release|Any CPU
	EndGlobalSection
	GlobalSection(SolutionProperties) = preSolution
		HideSolutionNode = FALSE
	EndGlobalSection
	GlobalSection(ExtensibilityGlobals) = postSolution
		SolutionGuid = {3AEDE368-F73A-4B0B-A024-9C2FDE7CEAF0}
	EndGlobalSection
EndGlobal
